
Microsoft Visual Studio Solution File, Format Version 12.00
# Visual Studio Version 17
VisualStudioVersion = 17.7.34031.279
MinimumVisualStudioVersion = 10.0.40219.1
Project("{9A19103F-16F7-4668-BE54-9A1E7A4F7556}") = "BlessingStudio.Wrap", "BlessingStudio.Wrap\BlessingStudio.Wrap.csproj", "{907DFD79-4AAB-4EC2-864E-E8869441CEE9}"
EndProject
Project("{2150E333-8FDC-42A3-9474-1A3956D46DE8}") = "refs", "refs", "{BF315ED3-D2BA-464D-977D-5850A909A974}"
EndProject
Project("{9A19103F-16F7-4668-BE54-9A1E7A4F7556}") = "STUN", "..\refs\NatTypeTester\STUN\STUN.csproj", "{6C059A2D-8194-41B0-ACC1-0A11B0DECFBB}"
EndProject
Project("{9A19103F-16F7-4668-BE54-9A1E7A4F7556}") = "BlessingStudio.Wrap.Server", "BlessingStudio.Wrap.Server\BlessingStudio.Wrap.Server.csproj", "{74D352BB-DE70-4ADB-96D6-B850232FF36E}"
EndProject
Project("{9A19103F-16F7-4668-BE54-9A1E7A4F7556}") = "BlessingStudio.Wrap.Client", "BlessingStudio.Wrap.Client\BlessingStudio.Wrap.Client.csproj", "{EB74C439-A7F2-4C9B-8573-52A70FE96D4E}"
EndProject
Project("{9A19103F-16F7-4668-BE54-9A1E7A4F7556}") = "ConsoleInteractive", "..\refs\ConsoleInteractive\ConsoleInteractive\ConsoleInteractive\ConsoleInteractive.csproj", "{EC1F9943-960C-479A-AFDA-2A9AA211E64B}"
EndProject
Global
	GlobalSection(SolutionConfigurationPlatforms) = preSolution
		Debug|Any CPU = Debug|Any CPU
		Release|Any CPU = Release|Any CPU
	EndGlobalSection
	GlobalSection(ProjectConfigurationPlatforms) = postSolution
		{907DFD79-4AAB-4EC2-864E-E8869441CEE9}.Debug|Any CPU.ActiveCfg = Debug|Any CPU
		{907DFD79-4AAB-4EC2-864E-E8869441CEE9}.Debug|Any CPU.Build.0 = Debug|Any CPU
		{907DFD79-4AAB-4EC2-864E-E8869441CEE9}.Release|Any CPU.ActiveCfg = Release|Any CPU
		{907DFD79-4AAB-4EC2-864E-E8869441CEE9}.Release|Any CPU.Build.0 = Release|Any CPU
		{6C059A2D-8194-41B0-ACC1-0A11B0DECFBB}.Debug|Any CPU.ActiveCfg = Debug|Any CPU
		{6C059A2D-8194-41B0-ACC1-0A11B0DECFBB}.Debug|Any CPU.Build.0 = Debug|Any CPU
		{6C059A2D-8194-41B0-ACC1-0A11B0DECFBB}.Release|Any CPU.ActiveCfg = Release|Any CPU
		{6C059A2D-8194-41B0-ACC1-0A11B0DECFBB}.Release|Any CPU.Build.0 = Release|Any CPU
		{74D352BB-DE70-4ADB-96D6-B850232FF36E}.Debug|Any CPU.ActiveCfg = Debug|Any CPU
		{74D352BB-DE70-4ADB-96D6-B850232FF36E}.Debug|Any CPU.Build.0 = Debug|Any CPU
		{74D352BB-DE70-4ADB-96D6-B850232FF36E}.Release|Any CPU.ActiveCfg = Release|Any CPU
		{74D352BB-DE70-4ADB-96D6-B850232FF36E}.Release|Any CPU.Build.0 = Release|Any CPU
		{EB74C439-A7F2-4C9B-8573-52A70FE96D4E}.Debug|Any CPU.ActiveCfg = Debug|Any CPU
		{EB74C439-A7F2-4C9B-8573-52A70FE96D4E}.Debug|Any CPU.Build.0 = Debug|Any CPU
		{EB74C439-A7F2-4C9B-8573-52A70FE96D4E}.Release|Any CPU.ActiveCfg = Release|Any CPU
		{EB74C439-A7F2-4C9B-8573-52A70FE96D4E}.Release|Any CPU.Build.0 = Release|Any CPU
		{EC1F9943-960C-479A-AFDA-2A9AA211E64B}.Debug|Any CPU.ActiveCfg = Debug|Any CPU
		{EC1F9943-960C-479A-AFDA-2A9AA211E64B}.Debug|Any CPU.Build.0 = Debug|Any CPU
		{EC1F9943-960C-479A-AFDA-2A9AA211E64B}.Release|Any CPU.ActiveCfg = Release|Any CPU
		{EC1F9943-960C-479A-AFDA-2A9AA211E64B}.Release|Any CPU.Build.0 = Release|Any CPU
	EndGlobalSection
	GlobalSection(SolutionProperties) = preSolution
		HideSolutionNode = FALSE
	EndGlobalSection
	GlobalSection(NestedProjects) = preSolution
		{6C059A2D-8194-41B0-ACC1-0A11B0DECFBB} = {BF315ED3-D2BA-464D-977D-5850A909A974}
		{EC1F9943-960C-479A-AFDA-2A9AA211E64B} = {BF315ED3-D2BA-464D-977D-5850A909A974}
	EndGlobalSection
	GlobalSection(ExtensibilityGlobals) = postSolution
		SolutionGuid = {2A198D69-EA06-4730-883B-F73B3E4DE5B7}
	EndGlobalSection
EndGlobal
